
Microsoft Visual Studio Solution File, Format Version 12.00
# Visual Studio Version 16
VisualStudioVersion = 16.0.29613.14
MinimumVisualStudioVersion = 10.0.40219.1
Project("{FAE04EC0-301F-11D3-BF4B-00C04F79EFBC}") = "CDS005.IListWithGenericsDemo", "CDS005.IListWithGenericsDemo.csproj", "{3C06DD36-8508-4E0E-B8E8-0C5E434C9AC1}"
EndProject
Project("{FAE04EC0-301F-11D3-BF4B-00C04F79EFBC}") = "CDS000.Common", "..\..\..\..\..\..\Desktop\Course03.DesignAndAnanlysisOfAlgorithm\DAA02.Sources\Foundation\CDS000.Common\CDS000.Common.csproj", "{DE0620A6-8BCC-4C11-95DC-C535A7863E08}"
EndProject
Global
	GlobalSection(SolutionConfigurationPlatforms) = preSolution
		Debug|Any CPU = Debug|Any CPU
		Release|Any CPU = Release|Any CPU
	EndGlobalSection
	GlobalSection(ProjectConfigurationPlatforms) = postSolution
		{3C06DD36-8508-4E0E-B8E8-0C5E434C9AC1}.Debug|Any CPU.ActiveCfg = Debug|Any CPU
		{3C06DD36-8508-4E0E-B8E8-0C5E434C9AC1}.Debug|Any CPU.Build.0 = Debug|Any CPU
		{3C06DD36-8508-4E0E-B8E8-0C5E434C9AC1}.Release|Any CPU.ActiveCfg = Release|Any CPU
		{3C06DD36-8508-4E0E-B8E8-0C5E434C9AC1}.Release|Any CPU.Build.0 = Release|Any CPU
		{DE0620A6-8BCC-4C11-95DC-C535A7863E08}.Debug|Any CPU.ActiveCfg = Debug|Any CPU
		{DE0620A6-8BCC-4C11-95DC-C535A7863E08}.Debug|Any CPU.Build.0 = Debug|Any CPU
		{DE0620A6-8BCC-4C11-95DC-C535A7863E08}.Release|Any CPU.ActiveCfg = Release|Any CPU
		{DE0620A6-8BCC-4C11-95DC-C535A7863E08}.Release|Any CPU.Build.0 = Release|Any CPU
	EndGlobalSection
	GlobalSection(SolutionProperties) = preSolution
		HideSolutionNode = FALSE
	EndGlobalSection
	GlobalSection(ExtensibilityGlobals) = postSolution
		SolutionGuid = {BE711D5C-1CBB-4DBA-9CCD-AB7E721A007B}
	EndGlobalSection
EndGlobal
