
Microsoft Visual Studio Solution File, Format Version 12.00
# Visual Studio Version 16
VisualStudioVersion = 16.0.29613.14
MinimumVisualStudioVersion = 10.0.40219.1
Project("{FAE04EC0-301F-11D3-BF4B-00C04F79EFBC}") = "CardTest", "CardTest\CardTest.csproj", "{AFC87027-5FF6-41CD-9CD6-30FF09187785}"
EndProject
Global
	GlobalSection(SolutionConfigurationPlatforms) = preSolution
		Debug|Any CPU = Debug|Any CPU
		Release|Any CPU = Release|Any CPU
	EndGlobalSection
	GlobalSection(ProjectConfigurationPlatforms) = postSolution
		{AFC87027-5FF6-41CD-9CD6-30FF09187785}.Debug|Any CPU.ActiveCfg = Debug|Any CPU
		{AFC87027-5FF6-41CD-9CD6-30FF09187785}.Debug|Any CPU.Build.0 = Debug|Any CPU
		{AFC87027-5FF6-41CD-9CD6-30FF09187785}.Release|Any CPU.ActiveCfg = Release|Any CPU
		{AFC87027-5FF6-41CD-9CD6-30FF09187785}.Release|Any CPU.Build.0 = Release|Any CPU
	EndGlobalSection
	GlobalSection(SolutionProperties) = preSolution
		HideSolutionNode = FALSE
	EndGlobalSection
	GlobalSection(ExtensibilityGlobals) = postSolution
		SolutionGuid = {DC61A055-2F4E-4002-B7E4-C63A9F95B9BD}
	EndGlobalSection
EndGlobal
