
Microsoft Visual Studio Solution File, Format Version 12.00
# Visual Studio Version 16
VisualStudioVersion = 16.0.29613.14
MinimumVisualStudioVersion = 10.0.40219.1
Project("{FAE04EC0-301F-11D3-BF4B-00C04F79EFBC}") = "CardTest", "CardTest\CardTest.csproj", "{EC18FC00-84E0-444E-84C0-7344F487BD19}"
EndProject
Global
	GlobalSection(SolutionConfigurationPlatforms) = preSolution
		Debug|Any CPU = Debug|Any CPU
		Release|Any CPU = Release|Any CPU
	EndGlobalSection
	GlobalSection(ProjectConfigurationPlatforms) = postSolution
		{EC18FC00-84E0-444E-84C0-7344F487BD19}.Debug|Any CPU.ActiveCfg = Debug|Any CPU
		{EC18FC00-84E0-444E-84C0-7344F487BD19}.Debug|Any CPU.Build.0 = Debug|Any CPU
		{EC18FC00-84E0-444E-84C0-7344F487BD19}.Release|Any CPU.ActiveCfg = Release|Any CPU
		{EC18FC00-84E0-444E-84C0-7344F487BD19}.Release|Any CPU.Build.0 = Release|Any CPU
	EndGlobalSection
	GlobalSection(SolutionProperties) = preSolution
		HideSolutionNode = FALSE
	EndGlobalSection
	GlobalSection(ExtensibilityGlobals) = postSolution
		SolutionGuid = {3466C71A-45F2-4260-B541-B32E9F763FEB}
	EndGlobalSection
EndGlobal
